{
  "name": "@redxdevelopment/redxaihm",
  "version": "0.1.0-alpha.1",
  "lockfileVersion": 3,
  "requires": true,
  "packages": {
    "": {
      "name": "@redxdevelopment/redxaihm",
      "version": "0.1.0-alpha.1",
      "license": "Apache-2.0",
      "bin": {
        "redxai": "src/cli.js"
      },
      "engines": {
        "node": ">=20.11"
      }
    }
  }
}
